// !$*UTF8*$!
{
	archiveVersion = 1;
	classes = {
	};
	objectVersion = 50;
	objects = {

/* Begin PBXBuildFile section */
		FDF074C52240E472003388D2 /* AppDelegate.swift in Sources */ = {isa = PBXBuildFile; fileRef = FDF074C42240E472003388D2 /* AppDelegate.swift */; };
		FDF074C72240E472003388D2 /* ViewController.swift in Sources */ = {isa = PBXBuildFile; fileRef = FDF074C62240E472003388D2 /* ViewController.swift */; };
		FDF074CA2240E472003388D2 /* Main.storyboard in Resources */ = {isa = PBXBuildFile; fileRef = FDF074C82240E472003388D2 /* Main.storyboard */; };
		FDF074CC2240E473003388D2 /* Assets.xcassets in Resources */ = {isa = PBXBuildFile; fileRef = FDF074CB2240E473003388D2 /* Assets.xcassets */; };
		FDF074CF2240E473003388D2 /* LaunchScreen.storyboard in Resources */ = {isa = PBXBuildFile; fileRef = FDF074CD2240E473003388D2 /* LaunchScreen.storyboard */; };
		FDF074D72240EEFA003388D2 /* Friends.mlmodel in Sources */ = {isa = PBXBuildFile; fileRef = FDF074D62240EEFA003388D2 /* Friends.mlmodel */; };
		FDF074D92240EF58003388D2 /* UIImage+Buffer.swift in Sources */ = {isa = PBXBuildFile; fileRef = FDF074D82240EF58003388D2 /* UIImage+Buffer.swift */; };
/* End PBXBuildFile section */

/* Begin PBXFileReference section */
		FDF074C12240E472003388D2 /* FaceX.app */ = {isa = PBXFileReference; explicitFileType = wrapper.application; includeInIndex = 0; path = FaceX.app; sourceTree = BUILT_PRODUCTS_DIR; };
		FDF074C42240E472003388D2 /* AppDelegate.swift */ = {isa = PBXFileReference; lastKnownFileType = sourcecode.swift; path = AppDelegate.swift; sourceTree = "<group>"; };
		FDF074C62240E472003388D2 /* ViewController.swift */ = {isa = PBXFileReference; lastKnownFileType = sourcecode.swift; path = ViewController.swift; sourceTree = "<group>"; };
		FDF074C92240E472003388D2 /* Base */ = {isa = PBXFileReference; lastKnownFileType = file.storyboard; name = Base; path = Base.lproj/Main.storyboard; sourceTree = "<group>"; };
		FDF074CB2240E473003388D2 /* Assets.xcassets */ = {isa = PBXFileReference; lastKnownFileType = folder.assetcatalog; path = Assets.xcassets; sourceTree = "<group>"; };
		FDF074CE2240E473003388D2 /* Base */ = {isa = PBXFileReference; lastKnownFileType = file.storyboard; name = Base; path = Base.lproj/LaunchScreen.storyboard; sourceTree = "<group>"; };
		FDF074D02240E473003388D2 /* Info.plist */ = {isa = PBXFileReference; lastKnownFileType = text.plist.xml; path = Info.plist; sourceTree = "<group>"; };
		FDF074D62240EEFA003388D2 /* Friends.mlmodel */ = {isa = PBXFileReference; lastKnownFileType = file.mlmodel; path = Friends.mlmodel; sourceTree = "<group>"; };
		FDF074D82240EF58003388D2 /* UIImage+Buffer.swift */ = {isa = PBXFileReference; fileEncoding = 4; lastKnownFileType = sourcecode.swift; path = "UIImage+Buffer.swift"; sourceTree = "<group>"; };
/* End PBXFileReference section */

/* Begin PBXFrameworksBuildPhase section */
		FDF074BE2240E472003388D2 /* Frameworks */ = {
			isa = PBXFrameworksBuildPhase;
			buildActionMask = 2147483647;
			files = (
			);
			runOnlyForDeploymentPostprocessing = 0;
		};
/* End PBXFrameworksBuildPhase section */

/* Begin PBXGroup section */
		FDF074B82240E472003388D2 = {
			isa = PBXGroup;
			children = (
				FDF074C32240E472003388D2 /* FaceX */,
				FDF074C22240E472003388D2 /* Products */,
			);
			sourceTree = "<group>";
		};
		FDF074C22240E472003388D2 /* Products */ = {
			isa = PBXGroup;
			children = (
				FDF074C12240E472003388D2 /* FaceX.app */,
			);
			name = Products;
			sourceTree = "<group>";
		};
		FDF074C32240E472003388D2 /* FaceX */ = {
			isa = PBXGroup;
			children = (
				FDF074C42240E472003388D2 /* AppDelegate.swift */,
				FDF074C62240E472003388D2 /* ViewController.swift */,
				FDF074C82240E472003388D2 /* Main.storyboard */,
				FDF074CB2240E473003388D2 /* Assets.xcassets */,
				FDF074CD2240E473003388D2 /* LaunchScreen.storyboard */,
				FDF074D02240E473003388D2 /* Info.plist */,
				FDF074D62240EEFA003388D2 /* Friends.mlmodel */,
				FDF074D82240EF58003388D2 /* UIImage+Buffer.swift */,
			);
			path = FaceX;
			sourceTree = "<group>";
		};
/* End PBXGroup section */

/* Begin PBXNativeTarget section */
		FDF074C02240E472003388D2 /* FaceX */ = {
			isa = PBXNativeTarget;
			buildConfigurationList = FDF074D32240E473003388D2 /* Build configuration list for PBXNativeTarget "FaceX" */;
			buildPhases = (
				FDF074BD2240E472003388D2 /* Sources */,
				FDF074BE2240E472003388D2 /* Frameworks */,
				FDF074BF2240E472003388D2 /* Resources */,
			);
			buildRules = (
			);
			dependencies = (
			);
			name = FaceX;
			productName = FaceX;
			productReference = FDF074C12240E472003388D2 /* FaceX.app */;
			productType = "com.apple.product-type.application";
		};
/* End PBXNativeTarget section */

/* Begin PBXProject section */
		FDF074B92240E472003388D2 /* Project object */ = {
			isa = PBXProject;
			attributes = {
				LastSwiftUpdateCheck = 1010;
				LastUpgradeCheck = 1010;
				ORGANIZATIONNAME = "Yash Nayak";
				TargetAttributes = {
					FDF074C02240E472003388D2 = {
						CreatedOnToolsVersion = 10.1;
					};
				};
			};
			buildConfigurationList = FDF074BC2240E472003388D2 /* Build configuration list for PBXProject "FaceX" */;
			compatibilityVersion = "Xcode 9.3";
			developmentRegion = en;
			hasScannedForEncodings = 0;
			knownRegions = (
				en,
				Base,
			);
			mainGroup = FDF074B82240E472003388D2;
			productRefGroup = FDF074C22240E472003388D2 /* Products */;
			projectDirPath = "";
			projectRoot = "";
			targets = (
				FDF074C02240E472003388D2 /* FaceX */,
			);
		};
/* End PBXProject section */

/* Begin PBXResourcesBuildPhase section */
		FDF074BF2240E472003388D2 /* Resources */ = {
			isa = PBXResourcesBuildPhase;
			buildActionMask = 2147483647;
			files = (
				FDF074CF2240E473003388D2 /* LaunchScreen.storyboard in Resources */,
				FDF074CC2240E473003388D2 /* Assets.xcassets in Resources */,
				FDF074CA2240E472003388D2 /* Main.storyboard in Resources */,
			);
			runOnlyForDeploymentPostprocessing = 0;
		};
/* End PBXResourcesBuildPhase section */

/* Begin PBXSourcesBuildPhase section */
		FDF074BD2240E472003388D2 /* Sources */ = {
			isa = PBXSourcesBuildPhase;
			buildActionMask = 2147483647;
			files = (
				FDF074C72240E472003388D2 /* ViewController.swift in Sources */,
				FDF074D92240EF58003388D2 /* UIImage+Buffer.swift in Sources */,
				FDF074C52240E472003388D2 /* AppDelegate.swift in Sources */,
				FDF074D72240EEFA003388D2 /* Friends.mlmodel in Sources */,
			);
			runOnlyForDeploymentPostprocessing = 0;
		};
/* End PBXSourcesBuildPhase section */

/* Begin PBXVariantGroup section */
		FDF074C82240E472003388D2 /* Main.storyboard */ = {
			isa = PBXVariantGroup;
			children = (
				FDF074C92240E472003388D2 /* Base */,
			);
			name = Main.storyboard;
			sourceTree = "<group>";
		};
		FDF074CD2240E473003388D2 /* LaunchScreen.storyboard */ = {
			isa = PBXVariantGroup;
			children = (
				FDF074CE2240E473003388D2 /* Base */,
			);
			name = LaunchScreen.storyboard;
			sourceTree = "<group>";
		};
/* End PBXVariantGroup section */

/* Begin XCBuildConfiguration section */
		FDF074D12240E473003388D2 /* Debug */ = {
			isa = XCBuildConfiguration;
			buildSettings = {
				ALWAYS_SEARCH_USER_PATHS = NO;
				CLANG_ANALYZER_NONNULL = YES;
				CLANG_ANALYZER_NUMBER_OBJECT_CONVERSION = YES_AGGRESSIVE;
				CLANG_CXX_LANGUAGE_STANDARD = "gnu++14";
				CLANG_CXX_LIBRARY = "libc++";
				CLANG_ENABLE_MODULES = YES;
				CLANG_ENABLE_OBJC_ARC = YES;
				CLANG_ENABLE_OBJC_WEAK = YES;
				CLANG_WARN_BLOCK_CAPTURE_AUTORELEASING = YES;
				CLANG_WARN_BOOL_CONVERSION = YES;
				CLANG_WARN_COMMA = YES;
				CLANG_WARN_CONSTANT_CONVERSION = YES;
				CLANG_WARN_DEPRECATED_OBJC_IMPLEMENTATIONS = YES;
				CLANG_WARN_DIRECT_OBJC_ISA_USAGE = YES_ERROR;
				CLANG_WARN_DOCUMENTATION_COMMENTS = YES;
				CLANG_WARN_EMPTY_BODY = YES;
				CLANG_WARN_ENUM_CONVERSION = YES;
				CLANG_WARN_INFINITE_RECURSION = YES;
				CLANG_WARN_INT_CONVERSION = YES;
				CLANG_WARN_NON_LITERAL_NULL_CONVERSION = YES;
				CLANG_WARN_OBJC_IMPLICIT_RETAIN_SELF = YES;
				CLANG_WARN_OBJC_LITERAL_CONVERSION = YES;
				CLANG_WARN_OBJC_ROOT_CLASS = YES_ERROR;
				CLANG_WARN_RANGE_LOOP_ANALYSIS = YES;
				CLANG_WARN_STRICT_PROTOTYPES = YES;
				CLANG_WARN_SUSPICIOUS_MOVE = YES;
				CLANG_WARN_UNGUARDED_AVAILABILITY = YES_AGGRESSIVE;
				CLANG_WARN_UNREACHABLE_CODE = YES;
				CLANG_WARN__DUPLICATE_METHOD_MATCH = YES;
				CODE_SIGN_IDENTITY = "iPhone Developer";
				COPY_PHASE_STRIP = NO;
				DEBUG_INFORMATION_FORMAT = dwarf;
				ENABLE_STRICT_OBJC_MSGSEND = YES;
				ENABLE_TESTABILITY = YES;
				GCC_C_LANGUAGE_STANDARD = gnu11;
				GCC_DYNAMIC_NO_PIC = NO;
				GCC_NO_COMMON_BLOCKS = YES;
				GCC_OPTIMIZATION_LEVEL = 0;
				GCC_PREPROCESSOR_DEFINITIONS = (
					"DEBUG=1",
					"$(inherited)",
				);
				GCC_WARN_64_TO_32_BIT_CONVERSION = YES;
				GCC_WARN_ABOUT_RETURN_TYPE = YES_ERROR;
				GCC_WARN_UNDECLARED_SELECTOR = YES;
				GCC_WARN_UNINITIALIZED_AUTOS = YES_AGGRESSIVE;
				GCC_WARN_UNUSED_FUNCTION = YES;
				GCC_WARN_UNUSED_VARIABLE = YES;
				IPHONEOS_DEPLOYMENT_TARGET = 12.1;
				MTL_ENABLE_DEBUG_INFO = INCLUDE_SOURCE;
				MTL_FAST_MATH = YES;
				ONLY_ACTIVE_ARCH = YES;
				SDKROOT = iphoneos;
				SWIFT_ACTIVE_COMPILATION_CONDITIONS = DEBUG;
				SWIFT_OPTIMIZATION_LEVEL = "-Onone";
			};
			name = Debug;
		};
		FDF074D22240E473003388D2 /* Release */ = {
			isa = XCBuildConfiguration;
			buildSettings = {
				ALWAYS_SEARCH_USER_PATHS = NO;
				CLANG_ANALYZER_NONNULL = YES;
				CLANG_ANALYZER_NUMBER_OBJECT_CONVERSION = YES_AGGRESSIVE;
				CLANG_CXX_LANGUAGE_STANDARD = "gnu++14";
				CLANG_CXX_LIBRARY = "libc++";
				CLANG_ENABLE_MODULES = YES;
				CLANG_ENABLE_OBJC_ARC = YES;
				CLANG_ENABLE_OBJC_WEAK = YES;
				CLANG_WARN_BLOCK_CAPTURE_AUTORELEASING = YES;
				CLANG_WARN_BOOL_CONVERSION = YES;
				CLANG_WARN_COMMA = YES;
				CLANG_WARN_CONSTANT_CONVERSION = YES;
				CLANG_WARN_DEPRECATED_OBJC_IMPLEMENTATIONS = YES;
				CLANG_WARN_DIRECT_OBJC_ISA_USAGE = YES_ERROR;
				CLANG_WARN_DOCUMENTATION_COMMENTS = YES;
				CLANG_WARN_EMPTY_BODY = YES;
				CLANG_WARN_ENUM_CONVERSION = YES;
				CLANG_WARN_INFINITE_RECURSION = YES;
				CLANG_WARN_INT_CONVERSION = YES;
				CLANG_WARN_NON_LITERAL_NULL_CONVERSION = YES;
				CLANG_WARN_OBJC_IMPLICIT_RETAIN_SELF = YES;
				CLANG_WARN_OBJC_LITERAL_CONVERSION = YES;
				CLANG_WARN_OBJC_ROOT_CLASS = YES_ERROR;
				CLANG_WARN_RANGE_LOOP_ANALYSIS = YES;
				CLANG_WARN_STRICT_PROTOTYPES = YES;
				CLANG_WARN_SUSPICIOUS_MOVE = YES;
				CLANG_WARN_UNGUARDED_AVAILABILITY = YES_AGGRESSIVE;
				CLANG_WARN_UNREACHABLE_CODE = YES;
				CLANG_WARN__DUPLICATE_METHOD_MATCH = YES;
				CODE_SIGN_IDENTITY = "iPhone Developer";
				COPY_PHASE_STRIP = NO;
				DEBUG_INFORMATION_FORMAT = "dwarf-with-dsym";
				ENABLE_NS_ASSERTIONS = NO;
				ENABLE_STRICT_OBJC_MSGSEND = YES;
				GCC_C_LANGUAGE_STANDARD = gnu11;
				GCC_NO_COMMON_BLOCKS = YES;
				GCC_WARN_64_TO_32_BIT_CONVERSION = YES;
				GCC_WARN_ABOUT_RETURN_TYPE = YES_ERROR;
				GCC_WARN_UNDECLARED_SELECTOR = YES;
				GCC_WARN_UNINITIALIZED_AUTOS = YES_AGGRESSIVE;
				GCC_WARN_UNUSED_FUNCTION = YES;
				GCC_WARN_UNUSED_VARIABLE = YES;
				IPHONEOS_DEPLOYMENT_TARGET = 12.1;
				MTL_ENABLE_DEBUG_INFO = NO;
				MTL_FAST_MATH = YES;
				SDKROOT = iphoneos;
				SWIFT_COMPILATION_MODE = wholemodule;
				SWIFT_OPTIMIZATION_LEVEL = "-O";
				VALIDATE_PRODUCT = YES;
			};
			name = Release;
		};
		FDF074D42240E473003388D2 /* Debug */ = {
			isa = XCBuildConfiguration;
			buildSettings = {
				ASSETCATALOG_COMPILER_APPICON_NAME = AppIcon;
				CODE_SIGN_STYLE = Automatic;
				INFOPLIST_FILE = FaceX/Info.plist;
				LD_RUNPATH_SEARCH_PATHS = (
					"$(inherited)",
					"@executable_path/Frameworks",
				);
				PRODUCT_BUNDLE_IDENTIFIER = com.yashn.FaceX;
				PRODUCT_NAME = "$(TARGET_NAME)";
				SWIFT_VERSION = 4.0;
				TARGETED_DEVICE_FAMILY = "1,2";
			};
			name = Debug;
		};
		FDF074D52240E473003388D2 /* Release */ = {
			isa = XCBuildConfiguration;
			buildSettings = {
				ASSETCATALOG_COMPILER_APPICON_NAME = AppIcon;
				CODE_SIGN_STYLE = Automatic;
				INFOPLIST_FILE = FaceX/Info.plist;
				LD_RUNPATH_SEARCH_PATHS = (
					"$(inherited)",
					"@executable_path/Frameworks",
				);
				PRODUCT_BUNDLE_IDENTIFIER = com.yashn.FaceX;
				PRODUCT_NAME = "$(TARGET_NAME)";
				SWIFT_VERSION = 4.0;
				TARGETED_DEVICE_FAMILY = "1,2";
			};
			name = Release;
		};
/* End XCBuildConfiguration section */

/* Begin XCConfigurationList section */
		FDF074BC2240E472003388D2 /* Build configuration list for PBXProject "FaceX" */ = {
			isa = XCConfigurationList;
			buildConfigurations = (
				FDF074D12240E473003388D2 /* Debug */,
				FDF074D22240E473003388D2 /* Release */,
			);
			defaultConfigurationIsVisible = 0;
			defaultConfigurationName = Release;
		};
		FDF074D32240E473003388D2 /* Build configuration list for PBXNativeTarget "FaceX" */ = {
			isa = XCConfigurationList;
			buildConfigurations = (
				FDF074D42240E473003388D2 /* Debug */,
				FDF074D52240E473003388D2 /* Release */,
			);
			defaultConfigurationIsVisible = 0;
			defaultConfigurationName = Release;
		};
/* End XCConfigurationList section */
	};
	rootObject = FDF074B92240E472003388D2 /* Project object */;
}
